// !$*UTF8*$!
{
	archiveVersion = 1;
	classes = {
	};
	objectVersion = 48;
	objects = {

/* Begin PBXBuildFile section */
		A00C36DC1FDFC50900F97DFC /* XLPhotoManager.m in Sources */ = {isa = PBXBuildFile; fileRef = A00C36DB1FDFC50900F97DFC /* XLPhotoManager.m */; };
		A02B50D01FD783870030BED5 /* opencv2.framework in Frameworks */ = {isa = PBXBuildFile; fileRef = A02B50CF1FD783870030BED5 /* opencv2.framework */; };
		A02B50D21FD787580030BED5 /* 201708041925331.jpg in Resources */ = {isa = PBXBuildFile; fileRef = A02B50D11FD787580030BED5 /* 201708041925331.jpg */; };
		A02B50D41FD7C22D0030BED5 /* 20161212163518.jpg in Resources */ = {isa = PBXBuildFile; fileRef = A02B50D31FD7C22D0030BED5 /* 20161212163518.jpg */; };
		A02B50DC1FD7D42A0030BED5 /* 20161212163519.jpg in Resources */ = {isa = PBXBuildFile; fileRef = A02B50DB1FD7D42A0030BED5 /* 20161212163519.jpg */; };
		A02B50DE1FD7DB2A0030BED5 /* Snip20171206_1.jpg in Resources */ = {isa = PBXBuildFile; fileRef = A02B50DD1FD7DB2A0030BED5 /* Snip20171206_1.jpg */; };
		A05AABFD1FE0C5D5004BE459 /* XLalbumModel.m in Sources */ = {isa = PBXBuildFile; fileRef = A05AABFC1FE0C5D5004BE459 /* XLalbumModel.m */; };
		A05AAC001FE0C682004BE459 /* XLAssetModel.m in Sources */ = {isa = PBXBuildFile; fileRef = A05AABFF1FE0C682004BE459 /* XLAssetModel.m */; };
		A05AAC031FE0C829004BE459 /* XLAssetBaseModel.m in Sources */ = {isa = PBXBuildFile; fileRef = A05AAC021FE0C829004BE459 /* XLAssetBaseModel.m */; };
		A089FFED1FDA6F21008C2DA6 /* 20130820232246_wFTHr.jpeg in Resources */ = {isa = PBXBuildFile; fileRef = A089FFEC1FDA6F20008C2DA6 /* 20130820232246_wFTHr.jpeg */; };
		A0BDF7B21FD64F0E00F85FCB /* AppDelegate.m in Sources */ = {isa = PBXBuildFile; fileRef = A0BDF7B11FD64F0E00F85FCB /* AppDelegate.m */; };
		A0BDF7B51FD64F0E00F85FCB /* ViewController.mm in Sources */ = {isa = PBXBuildFile; fileRef = A0BDF7B41FD64F0E00F85FCB /* ViewController.mm */; };
		A0BDF7B81FD64F0E00F85FCB /* Main.storyboard in Resources */ = {isa = PBXBuildFile; fileRef = A0BDF7B61FD64F0E00F85FCB /* Main.storyboard */; };
		A0BDF7BA1FD64F0E00F85FCB /* Assets.xcassets in Resources */ = {isa = PBXBuildFile; fileRef = A0BDF7B91FD64F0E00F85FCB /* Assets.xcassets */; };
		A0BDF7BD1FD64F0E00F85FCB /* LaunchScreen.storyboard in Resources */ = {isa = PBXBuildFile; fileRef = A0BDF7BB1FD64F0E00F85FCB /* LaunchScreen.storyboard */; };
		A0BDF7C01FD64F0E00F85FCB /* main.m in Sources */ = {isa = PBXBuildFile; fileRef = A0BDF7BF1FD64F0E00F85FCB /* main.m */; };
		A0BDF7CA1FD64F0E00F85FCB /* OneTwoTests.m in Sources */ = {isa = PBXBuildFile; fileRef = A0BDF7C91FD64F0E00F85FCB /* OneTwoTests.m */; };
		A0BDF7D51FD64F0E00F85FCB /* OneTwoUITests.m in Sources */ = {isa = PBXBuildFile; fileRef = A0BDF7D41FD64F0E00F85FCB /* OneTwoUITests.m */; };
		A0C5A1771FDE5CF200A61B5F /* 20161212163518.png in Resources */ = {isa = PBXBuildFile; fileRef = A0C5A1761FDE5CF200A61B5F /* 20161212163518.png */; };
		A0C5A17A1FDE851B00A61B5F /* XLImagePickerViewController.m in Sources */ = {isa = PBXBuildFile; fileRef = A0C5A1791FDE851B00A61B5F /* XLImagePickerViewController.m */; };
/* End PBXBuildFile section */

/* Begin PBXContainerItemProxy section */
		A0BDF7C61FD64F0E00F85FCB /* PBXContainerItemProxy */ = {
			isa = PBXContainerItemProxy;
			containerPortal = A0BDF7A51FD64F0E00F85FCB /* Project object */;
			proxyType = 1;
			remoteGlobalIDString = A0BDF7AC1FD64F0E00F85FCB;
			remoteInfo = OneTwo;
		};
		A0BDF7D11FD64F0E00F85FCB /* PBXContainerItemProxy */ = {
			isa = PBXContainerItemProxy;
			containerPortal = A0BDF7A51FD64F0E00F85FCB /* Project object */;
			proxyType = 1;
			remoteGlobalIDString = A0BDF7AC1FD64F0E00F85FCB;
			remoteInfo = OneTwo;
		};
/* End PBXContainerItemProxy section */

/* Begin PBXFileReference section */
		A00C36DA1FDFC50900F97DFC /* XLPhotoManager.h */ = {isa = PBXFileReference; lastKnownFileType = sourcecode.c.h; path = XLPhotoManager.h; sourceTree = "<group>"; };
		A00C36DB1FDFC50900F97DFC /* XLPhotoManager.m */ = {isa = PBXFileReference; lastKnownFileType = sourcecode.c.objc; path = XLPhotoManager.m; sourceTree = "<group>"; };
		A00C36DD1FDFC67200F97DFC /* XLPhotoManagerDefine.h */ = {isa = PBXFileReference; lastKnownFileType = sourcecode.c.h; path = XLPhotoManagerDefine.h; sourceTree = "<group>"; };
		A02B50CE1FD782DD0030BED5 /* OneTwo.pch */ = {isa = PBXFileReference; lastKnownFileType = sourcecode.c.h; path = OneTwo.pch; sourceTree = "<group>"; };
		A02B50CF1FD783870030BED5 /* opencv2.framework */ = {isa = PBXFileReference; lastKnownFileType = wrapper.framework; path = opencv2.framework; sourceTree = "<group>"; };
		A02B50D11FD787580030BED5 /* 201708041925331.jpg */ = {isa = PBXFileReference; lastKnownFileType = image.jpeg; path = 201708041925331.jpg; sourceTree = "<group>"; };
		A02B50D31FD7C22D0030BED5 /* 20161212163518.jpg */ = {isa = PBXFileReference; lastKnownFileType = image.jpeg; path = 20161212163518.jpg; sourceTree = "<group>"; };
		A02B50DB1FD7D42A0030BED5 /* 20161212163519.jpg */ = {isa = PBXFileReference; lastKnownFileType = image.jpeg; path = 20161212163519.jpg; sourceTree = "<group>"; };
		A02B50DD1FD7DB2A0030BED5 /* Snip20171206_1.jpg */ = {isa = PBXFileReference; lastKnownFileType = image.jpeg; path = Snip20171206_1.jpg; sourceTree = "<group>"; };
		A05AABFB1FE0C5D5004BE459 /* XLalbumModel.h */ = {isa = PBXFileReference; lastKnownFileType = sourcecode.c.h; path = XLalbumModel.h; sourceTree = "<group>"; };
		A05AABFC1FE0C5D5004BE459 /* XLalbumModel.m */ = {isa = PBXFileReference; lastKnownFileType = sourcecode.c.objc; path = XLalbumModel.m; sourceTree = "<group>"; };
		A05AABFE1FE0C682004BE459 /* XLAssetModel.h */ = {isa = PBXFileReference; lastKnownFileType = sourcecode.c.h; path = XLAssetModel.h; sourceTree = "<group>"; };
		A05AABFF1FE0C682004BE459 /* XLAssetModel.m */ = {isa = PBXFileReference; lastKnownFileType = sourcecode.c.objc; path = XLAssetModel.m; sourceTree = "<group>"; };
		A05AAC011FE0C829004BE459 /* XLAssetBaseModel.h */ = {isa = PBXFileReference; lastKnownFileType = sourcecode.c.h; path = XLAssetBaseModel.h; sourceTree = "<group>"; };
		A05AAC021FE0C829004BE459 /* XLAssetBaseModel.m */ = {isa = PBXFileReference; lastKnownFileType = sourcecode.c.objc; path = XLAssetBaseModel.m; sourceTree = "<group>"; };
		A089FFEC1FDA6F20008C2DA6 /* 20130820232246_wFTHr.jpeg */ = {isa = PBXFileReference; lastKnownFileType = image.jpeg; path = 20130820232246_wFTHr.jpeg; sourceTree = "<group>"; };
		A0BDF7AD1FD64F0E00F85FCB /* OneTwo.app */ = {isa = PBXFileReference; explicitFileType = wrapper.application; includeInIndex = 0; path = OneTwo.app; sourceTree = BUILT_PRODUCTS_DIR; };
		A0BDF7B01FD64F0E00F85FCB /* AppDelegate.h */ = {isa = PBXFileReference; lastKnownFileType = sourcecode.c.h; path = AppDelegate.h; sourceTree = "<group>"; };
		A0BDF7B11FD64F0E00F85FCB /* AppDelegate.m */ = {isa = PBXFileReference; lastKnownFileType = sourcecode.c.objc; path = AppDelegate.m; sourceTree = "<group>"; };
		A0BDF7B31FD64F0E00F85FCB /* ViewController.h */ = {isa = PBXFileReference; lastKnownFileType = sourcecode.c.h; path = ViewController.h; sourceTree = "<group>"; };
		A0BDF7B41FD64F0E00F85FCB /* ViewController.mm */ = {isa = PBXFileReference; lastKnownFileType = sourcecode.cpp.objcpp; path = ViewController.mm; sourceTree = "<group>"; };
		A0BDF7B71FD64F0E00F85FCB /* Base */ = {isa = PBXFileReference; lastKnownFileType = file.storyboard; name = Base; path = Base.lproj/Main.storyboard; sourceTree = "<group>"; };
		A0BDF7B91FD64F0E00F85FCB /* Assets.xcassets */ = {isa = PBXFileReference; lastKnownFileType = folder.assetcatalog; path = Assets.xcassets; sourceTree = "<group>"; };
		A0BDF7BC1FD64F0E00F85FCB /* Base */ = {isa = PBXFileReference; lastKnownFileType = file.storyboard; name = Base; path = Base.lproj/LaunchScreen.storyboard; sourceTree = "<group>"; };
		A0BDF7BE1FD64F0E00F85FCB /* Info.plist */ = {isa = PBXFileReference; lastKnownFileType = text.plist.xml; path = Info.plist; sourceTree = "<group>"; };
		A0BDF7BF1FD64F0E00F85FCB /* main.m */ = {isa = PBXFileReference; lastKnownFileType = sourcecode.c.objc; path = main.m; sourceTree = "<group>"; };
		A0BDF7C51FD64F0E00F85FCB /* OneTwoTests.xctest */ = {isa = PBXFileReference; explicitFileType = wrapper.cfbundle; includeInIndex = 0; path = OneTwoTests.xctest; sourceTree = BUILT_PRODUCTS_DIR; };
		A0BDF7C91FD64F0E00F85FCB /* OneTwoTests.m */ = {isa = PBXFileReference; lastKnownFileType = sourcecode.c.objc; path = OneTwoTests.m; sourceTree = "<group>"; };
		A0BDF7CB1FD64F0E00F85FCB /* Info.plist */ = {isa = PBXFileReference; lastKnownFileType = text.plist.xml; path = Info.plist; sourceTree = "<group>"; };
		A0BDF7D01FD64F0E00F85FCB /* OneTwoUITests.xctest */ = {isa = PBXFileReference; explicitFileType = wrapper.cfbundle; includeInIndex = 0; path = OneTwoUITests.xctest; sourceTree = BUILT_PRODUCTS_DIR; };
		A0BDF7D41FD64F0E00F85FCB /* OneTwoUITests.m */ = {isa = PBXFileReference; lastKnownFileType = sourcecode.c.objc; path = OneTwoUITests.m; sourceTree = "<group>"; };
		A0BDF7D61FD64F0E00F85FCB /* Info.plist */ = {isa = PBXFileReference; lastKnownFileType = text.plist.xml; path = Info.plist; sourceTree = "<group>"; };
		A0C5A1761FDE5CF200A61B5F /* 20161212163518.png */ = {isa = PBXFileReference; lastKnownFileType = image.png; path = 20161212163518.png; sourceTree = "<group>"; };
		A0C5A1781FDE851B00A61B5F /* XLImagePickerViewController.h */ = {isa = PBXFileReference; lastKnownFileType = sourcecode.c.h; path = XLImagePickerViewController.h; sourceTree = "<group>"; };
		A0C5A1791FDE851B00A61B5F /* XLImagePickerViewController.m */ = {isa = PBXFileReference; lastKnownFileType = sourcecode.c.objc; path = XLImagePickerViewController.m; sourceTree = "<group>"; };
/* End PBXFileReference section */

/* Begin PBXFrameworksBuildPhase section */
		A0BDF7AA1FD64F0E00F85FCB /* Frameworks */ = {
			isa = PBXFrameworksBuildPhase;
			buildActionMask = 2147483647;
			files = (
				A02B50D01FD783870030BED5 /* opencv2.framework in Frameworks */,
			);
			runOnlyForDeploymentPostprocessing = 0;
		};
		A0BDF7C21FD64F0E00F85FCB /* Frameworks */ = {
			isa = PBXFrameworksBuildPhase;
			buildActionMask = 2147483647;
			files = (
			);
			runOnlyForDeploymentPostprocessing = 0;
		};
		A0BDF7CD1FD64F0E00F85FCB /* Frameworks */ = {
			isa = PBXFrameworksBuildPhase;
			buildActionMask = 2147483647;
			files = (
			);
			runOnlyForDeploymentPostprocessing = 0;
		};
/* End PBXFrameworksBuildPhase section */

/* Begin PBXGroup section */
		A0BDF7A41FD64F0E00F85FCB = {
			isa = PBXGroup;
			children = (
				A0BDF7AF1FD64F0E00F85FCB /* OneTwo */,
				A0BDF7C81FD64F0E00F85FCB /* OneTwoTests */,
				A0BDF7D31FD64F0E00F85FCB /* OneTwoUITests */,
				A0BDF7AE1FD64F0E00F85FCB /* Products */,
			);
			sourceTree = "<group>";
		};
		A0BDF7AE1FD64F0E00F85FCB /* Products */ = {
			isa = PBXGroup;
			children = (
				A0BDF7AD1FD64F0E00F85FCB /* OneTwo.app */,
				A0BDF7C51FD64F0E00F85FCB /* OneTwoTests.xctest */,
				A0BDF7D01FD64F0E00F85FCB /* OneTwoUITests.xctest */,
			);
			name = Products;
			sourceTree = "<group>";
		};
		A0BDF7AF1FD64F0E00F85FCB /* OneTwo */ = {
			isa = PBXGroup;
			children = (
				A02B50CF1FD783870030BED5 /* opencv2.framework */,
				A0BDF7B01FD64F0E00F85FCB /* AppDelegate.h */,
				A0BDF7B11FD64F0E00F85FCB /* AppDelegate.m */,
				A089FFEC1FDA6F20008C2DA6 /* 20130820232246_wFTHr.jpeg */,
				A0C5A1761FDE5CF200A61B5F /* 20161212163518.png */,
				A02B50D31FD7C22D0030BED5 /* 20161212163518.jpg */,
				A02B50DB1FD7D42A0030BED5 /* 20161212163519.jpg */,
				A02B50D11FD787580030BED5 /* 201708041925331.jpg */,
				A02B50DD1FD7DB2A0030BED5 /* Snip20171206_1.jpg */,
				A0BDF7B31FD64F0E00F85FCB /* ViewController.h */,
				A0BDF7B41FD64F0E00F85FCB /* ViewController.mm */,
				A0C5A1781FDE851B00A61B5F /* XLImagePickerViewController.h */,
				A0C5A1791FDE851B00A61B5F /* XLImagePickerViewController.m */,
				A00C36DD1FDFC67200F97DFC /* XLPhotoManagerDefine.h */,
				A00C36DA1FDFC50900F97DFC /* XLPhotoManager.h */,
				A00C36DB1FDFC50900F97DFC /* XLPhotoManager.m */,
				A05AABFB1FE0C5D5004BE459 /* XLalbumModel.h */,
				A05AABFC1FE0C5D5004BE459 /* XLalbumModel.m */,
				A05AABFE1FE0C682004BE459 /* XLAssetModel.h */,
				A05AABFF1FE0C682004BE459 /* XLAssetModel.m */,
				A05AAC011FE0C829004BE459 /* XLAssetBaseModel.h */,
				A05AAC021FE0C829004BE459 /* XLAssetBaseModel.m */,
				A0BDF7B61FD64F0E00F85FCB /* Main.storyboard */,
				A0BDF7B91FD64F0E00F85FCB /* Assets.xcassets */,
				A0BDF7BB1FD64F0E00F85FCB /* LaunchScreen.storyboard */,
				A0BDF7BE1FD64F0E00F85FCB /* Info.plist */,
				A0BDF7BF1FD64F0E00F85FCB /* main.m */,
				A02B50CE1FD782DD0030BED5 /* OneTwo.pch */,
			);
			path = OneTwo;
			sourceTree = "<group>";
		};
		A0BDF7C81FD64F0E00F85FCB /* OneTwoTests */ = {
			isa = PBXGroup;
			children = (
				A0BDF7C91FD64F0E00F85FCB /* OneTwoTests.m */,
				A0BDF7CB1FD64F0E00F85FCB /* Info.plist */,
			);
			path = OneTwoTests;
			sourceTree = "<group>";
		};
		A0BDF7D31FD64F0E00F85FCB /* OneTwoUITests */ = {
			isa = PBXGroup;
			children = (
				A0BDF7D41FD64F0E00F85FCB /* OneTwoUITests.m */,
				A0BDF7D61FD64F0E00F85FCB /* Info.plist */,
			);
			path = OneTwoUITests;
			sourceTree = "<group>";
		};
/* End PBXGroup section */

/* Begin PBXNativeTarget section */
		A0BDF7AC1FD64F0E00F85FCB /* OneTwo */ = {
			isa = PBXNativeTarget;
			buildConfigurationList = A0BDF7D91FD64F0E00F85FCB /* Build configuration list for PBXNativeTarget "OneTwo" */;
			buildPhases = (
				A0BDF7A91FD64F0E00F85FCB /* Sources */,
				A0BDF7AA1FD64F0E00F85FCB /* Frameworks */,
				A0BDF7AB1FD64F0E00F85FCB /* Resources */,
			);
			buildRules = (
			);
			dependencies = (
			);
			name = OneTwo;
			productName = OneTwo;
			productReference = A0BDF7AD1FD64F0E00F85FCB /* OneTwo.app */;
			productType = "com.apple.product-type.application";
		};
		A0BDF7C41FD64F0E00F85FCB /* OneTwoTests */ = {
			isa = PBXNativeTarget;
			buildConfigurationList = A0BDF7DC1FD64F0E00F85FCB /* Build configuration list for PBXNativeTarget "OneTwoTests" */;
			buildPhases = (
				A0BDF7C11FD64F0E00F85FCB /* Sources */,
				A0BDF7C21FD64F0E00F85FCB /* Frameworks */,
				A0BDF7C31FD64F0E00F85FCB /* Resources */,
			);
			buildRules = (
			);
			dependencies = (
				A0BDF7C71FD64F0E00F85FCB /* PBXTargetDependency */,
			);
			name = OneTwoTests;
			productName = OneTwoTests;
			productReference = A0BDF7C51FD64F0E00F85FCB /* OneTwoTests.xctest */;
			productType = "com.apple.product-type.bundle.unit-test";
		};
		A0BDF7CF1FD64F0E00F85FCB /* OneTwoUITests */ = {
			isa = PBXNativeTarget;
			buildConfigurationList = A0BDF7DF1FD64F0E00F85FCB /* Build configuration list for PBXNativeTarget "OneTwoUITests" */;
			buildPhases = (
				A0BDF7CC1FD64F0E00F85FCB /* Sources */,
				A0BDF7CD1FD64F0E00F85FCB /* Frameworks */,
				A0BDF7CE1FD64F0E00F85FCB /* Resources */,
			);
			buildRules = (
			);
			dependencies = (
				A0BDF7D21FD64F0E00F85FCB /* PBXTargetDependency */,
			);
			name = OneTwoUITests;
			productName = OneTwoUITests;
			productReference = A0BDF7D01FD64F0E00F85FCB /* OneTwoUITests.xctest */;
			productType = "com.apple.product-type.bundle.ui-testing";
		};
/* End PBXNativeTarget section */

/* Begin PBXProject section */
		A0BDF7A51FD64F0E00F85FCB /* Project object */ = {
			isa = PBXProject;
			attributes = {
				LastUpgradeCheck = 0910;
				ORGANIZATIONNAME = zhangxiaoliang;
				TargetAttributes = {
					A0BDF7AC1FD64F0E00F85FCB = {
						CreatedOnToolsVersion = 9.1;
						ProvisioningStyle = Automatic;
					};
					A0BDF7C41FD64F0E00F85FCB = {
						CreatedOnToolsVersion = 9.1;
						ProvisioningStyle = Automatic;
						TestTargetID = A0BDF7AC1FD64F0E00F85FCB;
					};
					A0BDF7CF1FD64F0E00F85FCB = {
						CreatedOnToolsVersion = 9.1;
						ProvisioningStyle = Automatic;
						TestTargetID = A0BDF7AC1FD64F0E00F85FCB;
					};
				};
			};
			buildConfigurationList = A0BDF7A81FD64F0E00F85FCB /* Build configuration list for PBXProject "OneTwo" */;
			compatibilityVersion = "Xcode 8.0";
			developmentRegion = en;
			hasScannedForEncodings = 0;
			knownRegions = (
				en,
				Base,
			);
			mainGroup = A0BDF7A41FD64F0E00F85FCB;
			productRefGroup = A0BDF7AE1FD64F0E00F85FCB /* Products */;
			projectDirPath = "";
			projectRoot = "";
			targets = (
				A0BDF7AC1FD64F0E00F85FCB /* OneTwo */,
				A0BDF7C41FD64F0E00F85FCB /* OneTwoTests */,
				A0BDF7CF1FD64F0E00F85FCB /* OneTwoUITests */,
			);
		};
/* End PBXProject section */

/* Begin PBXResourcesBuildPhase section */
		A0BDF7AB1FD64F0E00F85FCB /* Resources */ = {
			isa = PBXResourcesBuildPhase;
			buildActionMask = 2147483647;
			files = (
				A0BDF7BD1FD64F0E00F85FCB /* LaunchScreen.storyboard in Resources */,
				A02B50DC1FD7D42A0030BED5 /* 20161212163519.jpg in Resources */,
				A02B50D41FD7C22D0030BED5 /* 20161212163518.jpg in Resources */,
				A02B50D21FD787580030BED5 /* 201708041925331.jpg in Resources */,
				A089FFED1FDA6F21008C2DA6 /* 20130820232246_wFTHr.jpeg in Resources */,
				A0BDF7BA1FD64F0E00F85FCB /* Assets.xcassets in Resources */,
				A02B50DE1FD7DB2A0030BED5 /* Snip20171206_1.jpg in Resources */,
				A0C5A1771FDE5CF200A61B5F /* 20161212163518.png in Resources */,
				A0BDF7B81FD64F0E00F85FCB /* Main.storyboard in Resources */,
			);
			runOnlyForDeploymentPostprocessing = 0;
		};
		A0BDF7C31FD64F0E00F85FCB /* Resources */ = {
			isa = PBXResourcesBuildPhase;
			buildActionMask = 2147483647;
			files = (
			);
			runOnlyForDeploymentPostprocessing = 0;
		};
		A0BDF7CE1FD64F0E00F85FCB /* Resources */ = {
			isa = PBXResourcesBuildPhase;
			buildActionMask = 2147483647;
			files = (
			);
			runOnlyForDeploymentPostprocessing = 0;
		};
/* End PBXResourcesBuildPhase section */

/* Begin PBXSourcesBuildPhase section */
		A0BDF7A91FD64F0E00F85FCB /* Sources */ = {
			isa = PBXSourcesBuildPhase;
			buildActionMask = 2147483647;
			files = (
				A0C5A17A1FDE851B00A61B5F /* XLImagePickerViewController.m in Sources */,
				A0BDF7B51FD64F0E00F85FCB /* ViewController.mm in Sources */,
				A0BDF7C01FD64F0E00F85FCB /* main.m in Sources */,
				A0BDF7B21FD64F0E00F85FCB /* AppDelegate.m in Sources */,
				A05AABFD1FE0C5D5004BE459 /* XLalbumModel.m in Sources */,
				A05AAC031FE0C829004BE459 /* XLAssetBaseModel.m in Sources */,
				A00C36DC1FDFC50900F97DFC /* XLPhotoManager.m in Sources */,
				A05AAC001FE0C682004BE459 /* XLAssetModel.m in Sources */,
			);
			runOnlyForDeploymentPostprocessing = 0;
		};
		A0BDF7C11FD64F0E00F85FCB /* Sources */ = {
			isa = PBXSourcesBuildPhase;
			buildActionMask = 2147483647;
			files = (
				A0BDF7CA1FD64F0E00F85FCB /* OneTwoTests.m in Sources */,
			);
			runOnlyForDeploymentPostprocessing = 0;
		};
		A0BDF7CC1FD64F0E00F85FCB /* Sources */ = {
			isa = PBXSourcesBuildPhase;
			buildActionMask = 2147483647;
			files = (
				A0BDF7D51FD64F0E00F85FCB /* OneTwoUITests.m in Sources */,
			);
			runOnlyForDeploymentPostprocessing = 0;
		};
/* End PBXSourcesBuildPhase section */

/* Begin PBXTargetDependency section */
		A0BDF7C71FD64F0E00F85FCB /* PBXTargetDependency */ = {
			isa = PBXTargetDependency;
			target = A0BDF7AC1FD64F0E00F85FCB /* OneTwo */;
			targetProxy = A0BDF7C61FD64F0E00F85FCB /* PBXContainerItemProxy */;
		};
		A0BDF7D21FD64F0E00F85FCB /* PBXTargetDependency */ = {
			isa = PBXTargetDependency;
			target = A0BDF7AC1FD64F0E00F85FCB /* OneTwo */;
			targetProxy = A0BDF7D11FD64F0E00F85FCB /* PBXContainerItemProxy */;
		};
/* End PBXTargetDependency section */

/* Begin PBXVariantGroup section */
		A0BDF7B61FD64F0E00F85FCB /* Main.storyboard */ = {
			isa = PBXVariantGroup;
			children = (
				A0BDF7B71FD64F0E00F85FCB /* Base */,
			);
			name = Main.storyboard;
			sourceTree = "<group>";
		};
		A0BDF7BB1FD64F0E00F85FCB /* LaunchScreen.storyboard */ = {
			isa = PBXVariantGroup;
			children = (
				A0BDF7BC1FD64F0E00F85FCB /* Base */,
			);
			name = LaunchScreen.storyboard;
			sourceTree = "<group>";
		};
/* End PBXVariantGroup section */

/* Begin XCBuildConfiguration section */
		A0BDF7D71FD64F0E00F85FCB /* Debug */ = {
			isa = XCBuildConfiguration;
			buildSettings = {
				ALWAYS_SEARCH_USER_PATHS = NO;
				CLANG_ANALYZER_NONNULL = YES;
				CLANG_ANALYZER_NUMBER_OBJECT_CONVERSION = YES_AGGRESSIVE;
				CLANG_CXX_LANGUAGE_STANDARD = "gnu++14";
				CLANG_CXX_LIBRARY = "libc++";
				CLANG_ENABLE_MODULES = YES;
				CLANG_ENABLE_OBJC_ARC = YES;
				CLANG_WARN_BLOCK_CAPTURE_AUTORELEASING = YES;
				CLANG_WARN_BOOL_CONVERSION = YES;
				CLANG_WARN_COMMA = YES;
				CLANG_WARN_CONSTANT_CONVERSION = YES;
				CLANG_WARN_DIRECT_OBJC_ISA_USAGE = YES_ERROR;
				CLANG_WARN_DOCUMENTATION_COMMENTS = YES;
				CLANG_WARN_EMPTY_BODY = YES;
				CLANG_WARN_ENUM_CONVERSION = YES;
				CLANG_WARN_INFINITE_RECURSION = YES;
				CLANG_WARN_INT_CONVERSION = YES;
				CLANG_WARN_NON_LITERAL_NULL_CONVERSION = YES;
				CLANG_WARN_OBJC_LITERAL_CONVERSION = YES;
				CLANG_WARN_OBJC_ROOT_CLASS = YES_ERROR;
				CLANG_WARN_RANGE_LOOP_ANALYSIS = YES;
				CLANG_WARN_STRICT_PROTOTYPES = YES;
				CLANG_WARN_SUSPICIOUS_MOVE = YES;
				CLANG_WARN_UNGUARDED_AVAILABILITY = YES_AGGRESSIVE;
				CLANG_WARN_UNREACHABLE_CODE = YES;
				CLANG_WARN__DUPLICATE_METHOD_MATCH = YES;
				CODE_SIGN_IDENTITY = "iPhone Developer";
				COPY_PHASE_STRIP = NO;
				DEBUG_INFORMATION_FORMAT = dwarf;
				ENABLE_STRICT_OBJC_MSGSEND = YES;
				ENABLE_TESTABILITY = YES;
				GCC_C_LANGUAGE_STANDARD = gnu11;
				GCC_DYNAMIC_NO_PIC = NO;
				GCC_NO_COMMON_BLOCKS = YES;
				GCC_OPTIMIZATION_LEVEL = 0;
				GCC_PRECOMPILE_PREFIX_HEADER = YES;
				GCC_PREPROCESSOR_DEFINITIONS = (
					"DEBUG=1",
					"$(inherited)",
				);
				GCC_WARN_64_TO_32_BIT_CONVERSION = YES;
				GCC_WARN_ABOUT_RETURN_TYPE = YES_ERROR;
				GCC_WARN_UNDECLARED_SELECTOR = YES;
				GCC_WARN_UNINITIALIZED_AUTOS = YES_AGGRESSIVE;
				GCC_WARN_UNUSED_FUNCTION = YES;
				GCC_WARN_UNUSED_VARIABLE = YES;
				IPHONEOS_DEPLOYMENT_TARGET = 11.1;
				MTL_ENABLE_DEBUG_INFO = YES;
				ONLY_ACTIVE_ARCH = YES;
				SDKROOT = iphoneos;
				STRIP_PNG_TEXT = NO;
			};
			name = Debug;
		};
		A0BDF7D81FD64F0E00F85FCB /* Release */ = {
			isa = XCBuildConfiguration;
			buildSettings = {
				ALWAYS_SEARCH_USER_PATHS = NO;
				CLANG_ANALYZER_NONNULL = YES;
				CLANG_ANALYZER_NUMBER_OBJECT_CONVERSION = YES_AGGRESSIVE;
				CLANG_CXX_LANGUAGE_STANDARD = "gnu++14";
				CLANG_CXX_LIBRARY = "libc++";
				CLANG_ENABLE_MODULES = YES;
				CLANG_ENABLE_OBJC_ARC = YES;
				CLANG_WARN_BLOCK_CAPTURE_AUTORELEASING = YES;
				CLANG_WARN_BOOL_CONVERSION = YES;
				CLANG_WARN_COMMA = YES;
				CLANG_WARN_CONSTANT_CONVERSION = YES;
				CLANG_WARN_DIRECT_OBJC_ISA_USAGE = YES_ERROR;
				CLANG_WARN_DOCUMENTATION_COMMENTS = YES;
				CLANG_WARN_EMPTY_BODY = YES;
				CLANG_WARN_ENUM_CONVERSION = YES;
				CLANG_WARN_INFINITE_RECURSION = YES;
				CLANG_WARN_INT_CONVERSION = YES;
				CLANG_WARN_NON_LITERAL_NULL_CONVERSION = YES;
				CLANG_WARN_OBJC_LITERAL_CONVERSION = YES;
				CLANG_WARN_OBJC_ROOT_CLASS = YES_ERROR;
				CLANG_WARN_RANGE_LOOP_ANALYSIS = YES;
				CLANG_WARN_STRICT_PROTOTYPES = YES;
				CLANG_WARN_SUSPICIOUS_MOVE = YES;
				CLANG_WARN_UNGUARDED_AVAILABILITY = YES_AGGRESSIVE;
				CLANG_WARN_UNREACHABLE_CODE = YES;
				CLANG_WARN__DUPLICATE_METHOD_MATCH = YES;
				CODE_SIGN_IDENTITY = "iPhone Developer";
				COPY_PHASE_STRIP = NO;
				DEBUG_INFORMATION_FORMAT = "dwarf-with-dsym";
				ENABLE_NS_ASSERTIONS = NO;
				ENABLE_STRICT_OBJC_MSGSEND = YES;
				GCC_C_LANGUAGE_STANDARD = gnu11;
				GCC_NO_COMMON_BLOCKS = YES;
				GCC_PRECOMPILE_PREFIX_HEADER = YES;
				GCC_WARN_64_TO_32_BIT_CONVERSION = YES;
				GCC_WARN_ABOUT_RETURN_TYPE = YES_ERROR;
				GCC_WARN_UNDECLARED_SELECTOR = YES;
				GCC_WARN_UNINITIALIZED_AUTOS = YES_AGGRESSIVE;
				GCC_WARN_UNUSED_FUNCTION = YES;
				GCC_WARN_UNUSED_VARIABLE = YES;
				IPHONEOS_DEPLOYMENT_TARGET = 11.1;
				MTL_ENABLE_DEBUG_INFO = NO;
				SDKROOT = iphoneos;
				STRIP_PNG_TEXT = NO;
				VALIDATE_PRODUCT = YES;
			};
			name = Release;
		};
		A0BDF7DA1FD64F0E00F85FCB /* Debug */ = {
			isa = XCBuildConfiguration;
			buildSettings = {
				ASSETCATALOG_COMPILER_APPICON_NAME = AppIcon;
				CODE_SIGN_STYLE = Automatic;
				DEVELOPMENT_TEAM = 22B4UKXY6S;
				FRAMEWORK_SEARCH_PATHS = (
					"$(inherited)",
					"$(PROJECT_DIR)/OneTwo",
				);
				GCC_PRECOMPILE_PREFIX_HEADER = YES;
				GCC_PREFIX_HEADER = "$(SRCROOT)/OneTwo/OneTwo.pch";
				INFOPLIST_FILE = OneTwo/Info.plist;
				LD_RUNPATH_SEARCH_PATHS = "$(inherited) @executable_path/Frameworks";
				LIBRARY_SEARCH_PATHS = (
					"$(inherited)",
					"$(PROJECT_DIR)/OneTwo/install/lib",
					"$(PROJECT_DIR)/OneTwo/install/share/OpenCV/3rdparty/lib",
				);
				PRODUCT_BUNDLE_IDENTIFIER = xl.OneTwo;
				PRODUCT_NAME = "$(TARGET_NAME)";
				STRIP_PNG_TEXT = NO;
				TARGETED_DEVICE_FAMILY = "1,2";
			};
			name = Debug;
		};
		A0BDF7DB1FD64F0E00F85FCB /* Release */ = {
			isa = XCBuildConfiguration;
			buildSettings = {
				ASSETCATALOG_COMPILER_APPICON_NAME = AppIcon;
				CODE_SIGN_STYLE = Automatic;
				DEVELOPMENT_TEAM = 22B4UKXY6S;
				FRAMEWORK_SEARCH_PATHS = (
					"$(inherited)",
					"$(PROJECT_DIR)/OneTwo",
				);
				GCC_PRECOMPILE_PREFIX_HEADER = YES;
				GCC_PREFIX_HEADER = "$(SRCROOT)/OneTwo/OneTwo.pch";
				INFOPLIST_FILE = OneTwo/Info.plist;
				LD_RUNPATH_SEARCH_PATHS = "$(inherited) @executable_path/Frameworks";
				LIBRARY_SEARCH_PATHS = (
					"$(inherited)",
					"$(PROJECT_DIR)/OneTwo/install/lib",
					"$(PROJECT_DIR)/OneTwo/install/share/OpenCV/3rdparty/lib",
				);
				PRODUCT_BUNDLE_IDENTIFIER = xl.OneTwo;
				PRODUCT_NAME = "$(TARGET_NAME)";
				STRIP_PNG_TEXT = NO;
				TARGETED_DEVICE_FAMILY = "1,2";
			};
			name = Release;
		};
		A0BDF7DD1FD64F0E00F85FCB /* Debug */ = {
			isa = XCBuildConfiguration;
			buildSettings = {
				BUNDLE_LOADER = "$(TEST_HOST)";
				CODE_SIGN_STYLE = Automatic;
				DEVELOPMENT_TEAM = 22B4UKXY6S;
				INFOPLIST_FILE = OneTwoTests/Info.plist;
				LD_RUNPATH_SEARCH_PATHS = "$(inherited) @executable_path/Frameworks @loader_path/Frameworks";
				PRODUCT_BUNDLE_IDENTIFIER = xl.OneTwoTests;
				PRODUCT_NAME = "$(TARGET_NAME)";
				TARGETED_DEVICE_FAMILY = "1,2";
				TEST_HOST = "$(BUILT_PRODUCTS_DIR)/OneTwo.app/OneTwo";
			};
			name = Debug;
		};
		A0BDF7DE1FD64F0E00F85FCB /* Release */ = {
			isa = XCBuildConfiguration;
			buildSettings = {
				BUNDLE_LOADER = "$(TEST_HOST)";
				CODE_SIGN_STYLE = Automatic;
				DEVELOPMENT_TEAM = 22B4UKXY6S;
				INFOPLIST_FILE = OneTwoTests/Info.plist;
				LD_RUNPATH_SEARCH_PATHS = "$(inherited) @executable_path/Frameworks @loader_path/Frameworks";
				PRODUCT_BUNDLE_IDENTIFIER = xl.OneTwoTests;
				PRODUCT_NAME = "$(TARGET_NAME)";
				TARGETED_DEVICE_FAMILY = "1,2";
				TEST_HOST = "$(BUILT_PRODUCTS_DIR)/OneTwo.app/OneTwo";
			};
			name = Release;
		};
		A0BDF7E01FD64F0E00F85FCB /* Debug */ = {
			isa = XCBuildConfiguration;
			buildSettings = {
				CODE_SIGN_STYLE = Automatic;
				DEVELOPMENT_TEAM = 22B4UKXY6S;
				INFOPLIST_FILE = OneTwoUITests/Info.plist;
				LD_RUNPATH_SEARCH_PATHS = "$(inherited) @executable_path/Frameworks @loader_path/Frameworks";
				PRODUCT_BUNDLE_IDENTIFIER = xl.OneTwoUITests;
				PRODUCT_NAME = "$(TARGET_NAME)";
				TARGETED_DEVICE_FAMILY = "1,2";
				TEST_TARGET_NAME = OneTwo;
			};
			name = Debug;
		};
		A0BDF7E11FD64F0E00F85FCB /* Release */ = {
			isa = XCBuildConfiguration;
			buildSettings = {
				CODE_SIGN_STYLE = Automatic;
				DEVELOPMENT_TEAM = 22B4UKXY6S;
				INFOPLIST_FILE = OneTwoUITests/Info.plist;
				LD_RUNPATH_SEARCH_PATHS = "$(inherited) @executable_path/Frameworks @loader_path/Frameworks";
				PRODUCT_BUNDLE_IDENTIFIER = xl.OneTwoUITests;
				PRODUCT_NAME = "$(TARGET_NAME)";
				TARGETED_DEVICE_FAMILY = "1,2";
				TEST_TARGET_NAME = OneTwo;
			};
			name = Release;
		};
/* End XCBuildConfiguration section */

/* Begin XCConfigurationList section */
		A0BDF7A81FD64F0E00F85FCB /* Build configuration list for PBXProject "OneTwo" */ = {
			isa = XCConfigurationList;
			buildConfigurations = (
				A0BDF7D71FD64F0E00F85FCB /* Debug */,
				A0BDF7D81FD64F0E00F85FCB /* Release */,
			);
			defaultConfigurationIsVisible = 0;
			defaultConfigurationName = Release;
		};
		A0BDF7D91FD64F0E00F85FCB /* Build configuration list for PBXNativeTarget "OneTwo" */ = {
			isa = XCConfigurationList;
			buildConfigurations = (
				A0BDF7DA1FD64F0E00F85FCB /* Debug */,
				A0BDF7DB1FD64F0E00F85FCB /* Release */,
			);
			defaultConfigurationIsVisible = 0;
			defaultConfigurationName = Release;
		};
		A0BDF7DC1FD64F0E00F85FCB /* Build configuration list for PBXNativeTarget "OneTwoTests" */ = {
			isa = XCConfigurationList;
			buildConfigurations = (
				A0BDF7DD1FD64F0E00F85FCB /* Debug */,
				A0BDF7DE1FD64F0E00F85FCB /* Release */,
			);
			defaultConfigurationIsVisible = 0;
			defaultConfigurationName = Release;
		};
		A0BDF7DF1FD64F0E00F85FCB /* Build configuration list for PBXNativeTarget "OneTwoUITests" */ = {
			isa = XCConfigurationList;
			buildConfigurations = (
				A0BDF7E01FD64F0E00F85FCB /* Debug */,
				A0BDF7E11FD64F0E00F85FCB /* Release */,
			);
			defaultConfigurationIsVisible = 0;
			defaultConfigurationName = Release;
		};
/* End XCConfigurationList section */
	};
	rootObject = A0BDF7A51FD64F0E00F85FCB /* Project object */;
}
